
Microsoft Visual Studio Solution File, Format Version 12.00
# Visual Studio Version 17
VisualStudioVersion = 17.5.33530.505
MinimumVisualStudioVersion = 10.0.40219.1
Project("{FAE04EC0-301F-11D3-BF4B-00C04F79EFBC}") = "stroyparkdiyru", "stroyparkdiyru\stroyparkdiyru.csproj", "{A7ED683C-BD0E-4FFE-87F4-5A1C38030D16}"
EndProject
Global
	GlobalSection(SolutionConfigurationPlatforms) = preSolution
		Debug|Any CPU = Debug|Any CPU
		Release|Any CPU = Release|Any CPU
	EndGlobalSection
	GlobalSection(ProjectConfigurationPlatforms) = postSolution
		{A7ED683C-BD0E-4FFE-87F4-5A1C38030D16}.Debug|Any CPU.ActiveCfg = Debug|Any CPU
		{A7ED683C-BD0E-4FFE-87F4-5A1C38030D16}.Debug|Any CPU.Build.0 = Debug|Any CPU
		{A7ED683C-BD0E-4FFE-87F4-5A1C38030D16}.Release|Any CPU.ActiveCfg = Release|Any CPU
		{A7ED683C-BD0E-4FFE-87F4-5A1C38030D16}.Release|Any CPU.Build.0 = Release|Any CPU
	EndGlobalSection
	GlobalSection(SolutionProperties) = preSolution
		HideSolutionNode = FALSE
	EndGlobalSection
	GlobalSection(ExtensibilityGlobals) = postSolution
		SolutionGuid = {CC6329BF-F619-4F1F-B4C6-144AB8551880}
	EndGlobalSection
EndGlobal
